
Microsoft Visual Studio Solution File, Format Version 12.00
# Visual Studio Version 17
VisualStudioVersion = 17.11.35327.3
MinimumVisualStudioVersion = 10.0.40219.1
Project("{8BC9CEB8-8B4A-11D0-8D11-00A0C91BC942}") = "project6_matfh_functions", "project6_matfh_functions\project6_matfh_functions.vcxproj", "{A9BFA848-CA37-4049-80E8-FEED9F2C1633}"
EndProject
Global
	GlobalSection(SolutionConfigurationPlatforms) = preSolution
		Debug|x64 = Debug|x64
		Debug|x86 = Debug|x86
		Release|x64 = Release|x64
		Release|x86 = Release|x86
	EndGlobalSection
	GlobalSection(ProjectConfigurationPlatforms) = postSolution
		{A9BFA848-CA37-4049-80E8-FEED9F2C1633}.Debug|x64.ActiveCfg = Debug|x64
		{A9BFA848-CA37-4049-80E8-FEED9F2C1633}.Debug|x64.Build.0 = Debug|x64
		{A9BFA848-CA37-4049-80E8-FEED9F2C1633}.Debug|x86.ActiveCfg = Debug|Win32
		{A9BFA848-CA37-4049-80E8-FEED9F2C1633}.Debug|x86.Build.0 = Debug|Win32
		{A9BFA848-CA37-4049-80E8-FEED9F2C1633}.Release|x64.ActiveCfg = Release|x64
		{A9BFA848-CA37-4049-80E8-FEED9F2C1633}.Release|x64.Build.0 = Release|x64
		{A9BFA848-CA37-4049-80E8-FEED9F2C1633}.Release|x86.ActiveCfg = Release|Win32
		{A9BFA848-CA37-4049-80E8-FEED9F2C1633}.Release|x86.Build.0 = Release|Win32
	EndGlobalSection
	GlobalSection(SolutionProperties) = preSolution
		HideSolutionNode = FALSE
	EndGlobalSection
	GlobalSection(ExtensibilityGlobals) = postSolution
		SolutionGuid = {184EDFF3-0FF5-4A64-A2F4-C051F88CFE8B}
	EndGlobalSection
EndGlobal
